// !$*UTF8*$!
{
	archiveVersion = 1;
	classes = {
	};
	objectVersion = 50;
	objects = {

/* Begin PBXBuildFile section */
		46FF3CFD2253B35B001924BF /* AppDelegate.swift in Sources */ = {isa = PBXBuildFile; fileRef = 46FF3CFC2253B35B001924BF /* AppDelegate.swift */; };
		46FF3CFF2253B35B001924BF /* ViewController.swift in Sources */ = {isa = PBXBuildFile; fileRef = 46FF3CFE2253B35B001924BF /* ViewController.swift */; };
		46FF3D022253B35B001924BF /* Main.storyboard in Resources */ = {isa = PBXBuildFile; fileRef = 46FF3D002253B35B001924BF /* Main.storyboard */; };
		46FF3D042253B35C001924BF /* Assets.xcassets in Resources */ = {isa = PBXBuildFile; fileRef = 46FF3D032253B35C001924BF /* Assets.xcassets */; };
		46FF3D072253B35C001924BF /* LaunchScreen.storyboard in Resources */ = {isa = PBXBuildFile; fileRef = 46FF3D052253B35C001924BF /* LaunchScreen.storyboard */; };
		5D42EA91A668021A01CAB251 /* Pods_Exercise_19_CocoaPods.framework in Frameworks */ = {isa = PBXBuildFile; fileRef = E1D2B00792B41E00204EFB02 /* Pods_Exercise_19_CocoaPods.framework */; };
/* End PBXBuildFile section */

/* Begin PBXFileReference section */
		2CB0BF1F120D83E2A663DCA5 /* Pods-Exercise 19 CocoaPods.release.xcconfig */ = {isa = PBXFileReference; includeInIndex = 1; lastKnownFileType = text.xcconfig; name = "Pods-Exercise 19 CocoaPods.release.xcconfig"; path = "Target Support Files/Pods-Exercise 19 CocoaPods/Pods-Exercise 19 CocoaPods.release.xcconfig"; sourceTree = "<group>"; };
		46FF3CF92253B35B001924BF /* Exercise 19 CocoaPods.app */ = {isa = PBXFileReference; explicitFileType = wrapper.application; includeInIndex = 0; path = "Exercise 19 CocoaPods.app"; sourceTree = BUILT_PRODUCTS_DIR; };
		46FF3CFC2253B35B001924BF /* AppDelegate.swift */ = {isa = PBXFileReference; lastKnownFileType = sourcecode.swift; path = AppDelegate.swift; sourceTree = "<group>"; };
		46FF3CFE2253B35B001924BF /* ViewController.swift */ = {isa = PBXFileReference; lastKnownFileType = sourcecode.swift; path = ViewController.swift; sourceTree = "<group>"; };
		46FF3D012253B35B001924BF /* Base */ = {isa = PBXFileReference; lastKnownFileType = file.storyboard; name = Base; path = Base.lproj/Main.storyboard; sourceTree = "<group>"; };
		46FF3D032253B35C001924BF /* Assets.xcassets */ = {isa = PBXFileReference; lastKnownFileType = folder.assetcatalog; path = Assets.xcassets; sourceTree = "<group>"; };
		46FF3D062253B35C001924BF /* Base */ = {isa = PBXFileReference; lastKnownFileType = file.storyboard; name = Base; path = Base.lproj/LaunchScreen.storyboard; sourceTree = "<group>"; };
		46FF3D082253B35C001924BF /* Info.plist */ = {isa = PBXFileReference; lastKnownFileType = text.plist.xml; path = Info.plist; sourceTree = "<group>"; };
		AB6D131F65C1E3965518644F /* Pods-Exercise 19 CocoaPods.debug.xcconfig */ = {isa = PBXFileReference; includeInIndex = 1; lastKnownFileType = text.xcconfig; name = "Pods-Exercise 19 CocoaPods.debug.xcconfig"; path = "Target Support Files/Pods-Exercise 19 CocoaPods/Pods-Exercise 19 CocoaPods.debug.xcconfig"; sourceTree = "<group>"; };
		E1D2B00792B41E00204EFB02 /* Pods_Exercise_19_CocoaPods.framework */ = {isa = PBXFileReference; explicitFileType = wrapper.framework; includeInIndex = 0; path = Pods_Exercise_19_CocoaPods.framework; sourceTree = BUILT_PRODUCTS_DIR; };
/* End PBXFileReference section */

/* Begin PBXFrameworksBuildPhase section */
		46FF3CF62253B35B001924BF /* Frameworks */ = {
			isa = PBXFrameworksBuildPhase;
			buildActionMask = 2147483647;
			files = (
				5D42EA91A668021A01CAB251 /* Pods_Exercise_19_CocoaPods.framework in Frameworks */,
			);
			runOnlyForDeploymentPostprocessing = 0;
		};
/* End PBXFrameworksBuildPhase section */

/* Begin PBXGroup section */
		46FF3CF02253B35B001924BF = {
			isa = PBXGroup;
			children = (
				46FF3CFB2253B35B001924BF /* Exercise 19 CocoaPods */,
				46FF3CFA2253B35B001924BF /* Products */,
				4C73F2778E6AC500841F756F /* Pods */,
				8B01175EA819684DE42AA740 /* Frameworks */,
			);
			sourceTree = "<group>";
		};
		46FF3CFA2253B35B001924BF /* Products */ = {
			isa = PBXGroup;
			children = (
				46FF3CF92253B35B001924BF /* Exercise 19 CocoaPods.app */,
			);
			name = Products;
			sourceTree = "<group>";
		};
		46FF3CFB2253B35B001924BF /* Exercise 19 CocoaPods */ = {
			isa = PBXGroup;
			children = (
				46FF3CFC2253B35B001924BF /* AppDelegate.swift */,
				46FF3CFE2253B35B001924BF /* ViewController.swift */,
				46FF3D002253B35B001924BF /* Main.storyboard */,
				46FF3D032253B35C001924BF /* Assets.xcassets */,
				46FF3D052253B35C001924BF /* LaunchScreen.storyboard */,
				46FF3D082253B35C001924BF /* Info.plist */,
			);
			path = "Exercise 19 CocoaPods";
			sourceTree = "<group>";
		};
		4C73F2778E6AC500841F756F /* Pods */ = {
			isa = PBXGroup;
			children = (
				AB6D131F65C1E3965518644F /* Pods-Exercise 19 CocoaPods.debug.xcconfig */,
				2CB0BF1F120D83E2A663DCA5 /* Pods-Exercise 19 CocoaPods.release.xcconfig */,
			);
			name = Pods;
			path = Pods;
			sourceTree = "<group>";
		};
		8B01175EA819684DE42AA740 /* Frameworks */ = {
			isa = PBXGroup;
			children = (
				E1D2B00792B41E00204EFB02 /* Pods_Exercise_19_CocoaPods.framework */,
			);
			name = Frameworks;
			sourceTree = "<group>";
		};
/* End PBXGroup section */

/* Begin PBXNativeTarget section */
		46FF3CF82253B35B001924BF /* Exercise 19 CocoaPods */ = {
			isa = PBXNativeTarget;
			buildConfigurationList = 46FF3D0B2253B35C001924BF /* Build configuration list for PBXNativeTarget "Exercise 19 CocoaPods" */;
			buildPhases = (
				C5603ABBF21B7BCC0975B99D /* [CP] Check Pods Manifest.lock */,
				46FF3CF52253B35B001924BF /* Sources */,
				46FF3CF62253B35B001924BF /* Frameworks */,
				46FF3CF72253B35B001924BF /* Resources */,
				92506D60A7EC61C3B77C9FE5 /* [CP] Embed Pods Frameworks */,
			);
			buildRules = (
			);
			dependencies = (
			);
			name = "Exercise 19 CocoaPods";
			productName = "Exercise 19 CocoaPods";
			productReference = 46FF3CF92253B35B001924BF /* Exercise 19 CocoaPods.app */;
			productType = "com.apple.product-type.application";
		};
/* End PBXNativeTarget section */

/* Begin PBXProject section */
		46FF3CF12253B35B001924BF /* Project object */ = {
			isa = PBXProject;
			attributes = {
				LastSwiftUpdateCheck = 1020;
				LastUpgradeCheck = 1020;
				ORGANIZATIONNAME = "Abhishek Maurya";
				TargetAttributes = {
					46FF3CF82253B35B001924BF = {
						CreatedOnToolsVersion = 10.2;
					};
				};
			};
			buildConfigurationList = 46FF3CF42253B35B001924BF /* Build configuration list for PBXProject "Exercise 19 CocoaPods" */;
			compatibilityVersion = "Xcode 9.3";
			developmentRegion = en;
			hasScannedForEncodings = 0;
			knownRegions = (
				en,
				Base,
			);
			mainGroup = 46FF3CF02253B35B001924BF;
			productRefGroup = 46FF3CFA2253B35B001924BF /* Products */;
			projectDirPath = "";
			projectRoot = "";
			targets = (
				46FF3CF82253B35B001924BF /* Exercise 19 CocoaPods */,
			);
		};
/* End PBXProject section */

/* Begin PBXResourcesBuildPhase section */
		46FF3CF72253B35B001924BF /* Resources */ = {
			isa = PBXResourcesBuildPhase;
			buildActionMask = 2147483647;
			files = (
				46FF3D072253B35C001924BF /* LaunchScreen.storyboard in Resources */,
				46FF3D042253B35C001924BF /* Assets.xcassets in Resources */,
				46FF3D022253B35B001924BF /* Main.storyboard in Resources */,
			);
			runOnlyForDeploymentPostprocessing = 0;
		};
/* End PBXResourcesBuildPhase section */

/* Begin PBXShellScriptBuildPhase section */
		92506D60A7EC61C3B77C9FE5 /* [CP] Embed Pods Frameworks */ = {
			isa = PBXShellScriptBuildPhase;
			buildActionMask = 2147483647;
			files = (
			);
			inputFileListPaths = (
			);
			inputPaths = (
				"${PODS_ROOT}/Target Support Files/Pods-Exercise 19 CocoaPods/Pods-Exercise 19 CocoaPods-frameworks.sh",
				"${BUILT_PRODUCTS_DIR}/Alamofire/Alamofire.framework",
			);
			name = "[CP] Embed Pods Frameworks";
			outputFileListPaths = (
			);
			outputPaths = (
				"${TARGET_BUILD_DIR}/${FRAMEWORKS_FOLDER_PATH}/Alamofire.framework",
			);
			runOnlyForDeploymentPostprocessing = 0;
			shellPath = /bin/sh;
			shellScript = "\"${PODS_ROOT}/Target Support Files/Pods-Exercise 19 CocoaPods/Pods-Exercise 19 CocoaPods-frameworks.sh\"\n";
			showEnvVarsInLog = 0;
		};
		C5603ABBF21B7BCC0975B99D /* [CP] Check Pods Manifest.lock */ = {
			isa = PBXShellScriptBuildPhase;
			buildActionMask = 2147483647;
			files = (
			);
			inputFileListPaths = (
			);
			inputPaths = (
				"${PODS_PODFILE_DIR_PATH}/Podfile.lock",
				"${PODS_ROOT}/Manifest.lock",
			);
			name = "[CP] Check Pods Manifest.lock";
			outputFileListPaths = (
			);
			outputPaths = (
				"$(DERIVED_FILE_DIR)/Pods-Exercise 19 CocoaPods-checkManifestLockResult.txt",
			);
			runOnlyForDeploymentPostprocessing = 0;
			shellPath = /bin/sh;
			shellScript = "diff \"${PODS_PODFILE_DIR_PATH}/Podfile.lock\" \"${PODS_ROOT}/Manifest.lock\" > /dev/null\nif [ $? != 0 ] ; then\n    # print error to STDERR\n    echo \"error: The sandbox is not in sync with the Podfile.lock. Run 'pod install' or update your CocoaPods installation.\" >&2\n    exit 1\nfi\n# This output is used by Xcode 'outputs' to avoid re-running this script phase.\necho \"SUCCESS\" > \"${SCRIPT_OUTPUT_FILE_0}\"\n";
			showEnvVarsInLog = 0;
		};
/* End PBXShellScriptBuildPhase section */

/* Begin PBXSourcesBuildPhase section */
		46FF3CF52253B35B001924BF /* Sources */ = {
			isa = PBXSourcesBuildPhase;
			buildActionMask = 2147483647;
			files = (
				46FF3CFF2253B35B001924BF /* ViewController.swift in Sources */,
				46FF3CFD2253B35B001924BF /* AppDelegate.swift in Sources */,
			);
			runOnlyForDeploymentPostprocessing = 0;
		};
/* End PBXSourcesBuildPhase section */

/* Begin PBXVariantGroup section */
		46FF3D002253B35B001924BF /* Main.storyboard */ = {
			isa = PBXVariantGroup;
			children = (
				46FF3D012253B35B001924BF /* Base */,
			);
			name = Main.storyboard;
			sourceTree = "<group>";
		};
		46FF3D052253B35C001924BF /* LaunchScreen.storyboard */ = {
			isa = PBXVariantGroup;
			children = (
				46FF3D062253B35C001924BF /* Base */,
			);
			name = LaunchScreen.storyboard;
			sourceTree = "<group>";
		};
/* End PBXVariantGroup section */

/* Begin XCBuildConfiguration section */
		46FF3D092253B35C001924BF /* Debug */ = {
			isa = XCBuildConfiguration;
			buildSettings = {
				ALWAYS_SEARCH_USER_PATHS = NO;
				CLANG_ANALYZER_NONNULL = YES;
				CLANG_ANALYZER_NUMBER_OBJECT_CONVERSION = YES_AGGRESSIVE;
				CLANG_CXX_LANGUAGE_STANDARD = "gnu++14";
				CLANG_CXX_LIBRARY = "libc++";
				CLANG_ENABLE_MODULES = YES;
				CLANG_ENABLE_OBJC_ARC = YES;
				CLANG_ENABLE_OBJC_WEAK = YES;
				CLANG_WARN_BLOCK_CAPTURE_AUTORELEASING = YES;
				CLANG_WARN_BOOL_CONVERSION = YES;
				CLANG_WARN_COMMA = YES;
				CLANG_WARN_CONSTANT_CONVERSION = YES;
				CLANG_WARN_DEPRECATED_OBJC_IMPLEMENTATIONS = YES;
				CLANG_WARN_DIRECT_OBJC_ISA_USAGE = YES_ERROR;
				CLANG_WARN_DOCUMENTATION_COMMENTS = YES;
				CLANG_WARN_EMPTY_BODY = YES;
				CLANG_WARN_ENUM_CONVERSION = YES;
				CLANG_WARN_INFINITE_RECURSION = YES;
				CLANG_WARN_INT_CONVERSION = YES;
				CLANG_WARN_NON_LITERAL_NULL_CONVERSION = YES;
				CLANG_WARN_OBJC_IMPLICIT_RETAIN_SELF = YES;
				CLANG_WARN_OBJC_LITERAL_CONVERSION = YES;
				CLANG_WARN_OBJC_ROOT_CLASS = YES_ERROR;
				CLANG_WARN_RANGE_LOOP_ANALYSIS = YES;
				CLANG_WARN_STRICT_PROTOTYPES = YES;
				CLANG_WARN_SUSPICIOUS_MOVE = YES;
				CLANG_WARN_UNGUARDED_AVAILABILITY = YES_AGGRESSIVE;
				CLANG_WARN_UNREACHABLE_CODE = YES;
				CLANG_WARN__DUPLICATE_METHOD_MATCH = YES;
				CODE_SIGN_IDENTITY = "iPhone Developer";
				COPY_PHASE_STRIP = NO;
				DEBUG_INFORMATION_FORMAT = dwarf;
				ENABLE_STRICT_OBJC_MSGSEND = YES;
				ENABLE_TESTABILITY = YES;
				GCC_C_LANGUAGE_STANDARD = gnu11;
				GCC_DYNAMIC_NO_PIC = NO;
				GCC_NO_COMMON_BLOCKS = YES;
				GCC_OPTIMIZATION_LEVEL = 0;
				GCC_PREPROCESSOR_DEFINITIONS = (
					"DEBUG=1",
					"$(inherited)",
				);
				GCC_WARN_64_TO_32_BIT_CONVERSION = YES;
				GCC_WARN_ABOUT_RETURN_TYPE = YES_ERROR;
				GCC_WARN_UNDECLARED_SELECTOR = YES;
				GCC_WARN_UNINITIALIZED_AUTOS = YES_AGGRESSIVE;
				GCC_WARN_UNUSED_FUNCTION = YES;
				GCC_WARN_UNUSED_VARIABLE = YES;
				IPHONEOS_DEPLOYMENT_TARGET = 12.2;
				MTL_ENABLE_DEBUG_INFO = INCLUDE_SOURCE;
				MTL_FAST_MATH = YES;
				ONLY_ACTIVE_ARCH = YES;
				SDKROOT = iphoneos;
				SWIFT_ACTIVE_COMPILATION_CONDITIONS = DEBUG;
				SWIFT_OPTIMIZATION_LEVEL = "-Onone";
			};
			name = Debug;
		};
		46FF3D0A2253B35C001924BF /* Release */ = {
			isa = XCBuildConfiguration;
			buildSettings = {
				ALWAYS_SEARCH_USER_PATHS = NO;
				CLANG_ANALYZER_NONNULL = YES;
				CLANG_ANALYZER_NUMBER_OBJECT_CONVERSION = YES_AGGRESSIVE;
				CLANG_CXX_LANGUAGE_STANDARD = "gnu++14";
				CLANG_CXX_LIBRARY = "libc++";
				CLANG_ENABLE_MODULES = YES;
				CLANG_ENABLE_OBJC_ARC = YES;
				CLANG_ENABLE_OBJC_WEAK = YES;
				CLANG_WARN_BLOCK_CAPTURE_AUTORELEASING = YES;
				CLANG_WARN_BOOL_CONVERSION = YES;
				CLANG_WARN_COMMA = YES;
				CLANG_WARN_CONSTANT_CONVERSION = YES;
				CLANG_WARN_DEPRECATED_OBJC_IMPLEMENTATIONS = YES;
				CLANG_WARN_DIRECT_OBJC_ISA_USAGE = YES_ERROR;
				CLANG_WARN_DOCUMENTATION_COMMENTS = YES;
				CLANG_WARN_EMPTY_BODY = YES;
				CLANG_WARN_ENUM_CONVERSION = YES;
				CLANG_WARN_INFINITE_RECURSION = YES;
				CLANG_WARN_INT_CONVERSION = YES;
				CLANG_WARN_NON_LITERAL_NULL_CONVERSION = YES;
				CLANG_WARN_OBJC_IMPLICIT_RETAIN_SELF = YES;
				CLANG_WARN_OBJC_LITERAL_CONVERSION = YES;
				CLANG_WARN_OBJC_ROOT_CLASS = YES_ERROR;
				CLANG_WARN_RANGE_LOOP_ANALYSIS = YES;
				CLANG_WARN_STRICT_PROTOTYPES = YES;
				CLANG_WARN_SUSPICIOUS_MOVE = YES;
				CLANG_WARN_UNGUARDED_AVAILABILITY = YES_AGGRESSIVE;
				CLANG_WARN_UNREACHABLE_CODE = YES;
				CLANG_WARN__DUPLICATE_METHOD_MATCH = YES;
				CODE_SIGN_IDENTITY = "iPhone Developer";
				COPY_PHASE_STRIP = NO;
				DEBUG_INFORMATION_FORMAT = "dwarf-with-dsym";
				ENABLE_NS_ASSERTIONS = NO;
				ENABLE_STRICT_OBJC_MSGSEND = YES;
				GCC_C_LANGUAGE_STANDARD = gnu11;
				GCC_NO_COMMON_BLOCKS = YES;
				GCC_WARN_64_TO_32_BIT_CONVERSION = YES;
				GCC_WARN_ABOUT_RETURN_TYPE = YES_ERROR;
				GCC_WARN_UNDECLARED_SELECTOR = YES;
				GCC_WARN_UNINITIALIZED_AUTOS = YES_AGGRESSIVE;
				GCC_WARN_UNUSED_FUNCTION = YES;
				GCC_WARN_UNUSED_VARIABLE = YES;
				IPHONEOS_DEPLOYMENT_TARGET = 12.2;
				MTL_ENABLE_DEBUG_INFO = NO;
				MTL_FAST_MATH = YES;
				SDKROOT = iphoneos;
				SWIFT_COMPILATION_MODE = wholemodule;
				SWIFT_OPTIMIZATION_LEVEL = "-O";
				VALIDATE_PRODUCT = YES;
			};
			name = Release;
		};
		46FF3D0C2253B35C001924BF /* Debug */ = {
			isa = XCBuildConfiguration;
			baseConfigurationReference = AB6D131F65C1E3965518644F /* Pods-Exercise 19 CocoaPods.debug.xcconfig */;
			buildSettings = {
				ASSETCATALOG_COMPILER_APPICON_NAME = AppIcon;
				CODE_SIGN_STYLE = Automatic;
				DEVELOPMENT_TEAM = HTJ79D8L5G;
				INFOPLIST_FILE = "Exercise 19 CocoaPods/Info.plist";
				LD_RUNPATH_SEARCH_PATHS = (
					"$(inherited)",
					"@executable_path/Frameworks",
				);
				PRODUCT_BUNDLE_IDENTIFIER = "com.abhishek.Exercise-19-CocoaPods";
				PRODUCT_NAME = "$(TARGET_NAME)";
				SWIFT_VERSION = 5.0;
				TARGETED_DEVICE_FAMILY = "1,2";
			};
			name = Debug;
		};
		46FF3D0D2253B35C001924BF /* Release */ = {
			isa = XCBuildConfiguration;
			baseConfigurationReference = 2CB0BF1F120D83E2A663DCA5 /* Pods-Exercise 19 CocoaPods.release.xcconfig */;
			buildSettings = {
				ASSETCATALOG_COMPILER_APPICON_NAME = AppIcon;
				CODE_SIGN_STYLE = Automatic;
				DEVELOPMENT_TEAM = HTJ79D8L5G;
				INFOPLIST_FILE = "Exercise 19 CocoaPods/Info.plist";
				LD_RUNPATH_SEARCH_PATHS = (
					"$(inherited)",
					"@executable_path/Frameworks",
				);
				PRODUCT_BUNDLE_IDENTIFIER = "com.abhishek.Exercise-19-CocoaPods";
				PRODUCT_NAME = "$(TARGET_NAME)";
				SWIFT_VERSION = 5.0;
				TARGETED_DEVICE_FAMILY = "1,2";
			};
			name = Release;
		};
/* End XCBuildConfiguration section */

/* Begin XCConfigurationList section */
		46FF3CF42253B35B001924BF /* Build configuration list for PBXProject "Exercise 19 CocoaPods" */ = {
			isa = XCConfigurationList;
			buildConfigurations = (
				46FF3D092253B35C001924BF /* Debug */,
				46FF3D0A2253B35C001924BF /* Release */,
			);
			defaultConfigurationIsVisible = 0;
			defaultConfigurationName = Release;
		};
		46FF3D0B2253B35C001924BF /* Build configuration list for PBXNativeTarget "Exercise 19 CocoaPods" */ = {
			isa = XCConfigurationList;
			buildConfigurations = (
				46FF3D0C2253B35C001924BF /* Debug */,
				46FF3D0D2253B35C001924BF /* Release */,
			);
			defaultConfigurationIsVisible = 0;
			defaultConfigurationName = Release;
		};
/* End XCConfigurationList section */
	};
	rootObject = 46FF3CF12253B35B001924BF /* Project object */;
}
