// !$*UTF8*$!
{
	archiveVersion = 1;
	classes = {
	};
	objectVersion = 50;
	objects = {

/* Begin PBXBuildFile section */
		4659A57722358BF40039C48F /* AppDelegate.swift in Sources */ = {isa = PBXBuildFile; fileRef = 4659A57622358BF40039C48F /* AppDelegate.swift */; };
		4659A57C22358BF40039C48F /* Main.storyboard in Resources */ = {isa = PBXBuildFile; fileRef = 4659A57A22358BF40039C48F /* Main.storyboard */; };
		4659A57E22358BF60039C48F /* Assets.xcassets in Resources */ = {isa = PBXBuildFile; fileRef = 4659A57D22358BF60039C48F /* Assets.xcassets */; };
		4659A58122358BF60039C48F /* LaunchScreen.storyboard in Resources */ = {isa = PBXBuildFile; fileRef = 4659A57F22358BF60039C48F /* LaunchScreen.storyboard */; };
		4659A58922358F9C0039C48F /* Question1.swift in Sources */ = {isa = PBXBuildFile; fileRef = 4659A58822358F9C0039C48F /* Question1.swift */; };
		4659A58D223590F90039C48F /* Exercise10.swift in Sources */ = {isa = PBXBuildFile; fileRef = 4659A58C223590F90039C48F /* Exercise10.swift */; };
		4659A58F223593CB0039C48F /* Question2.swift in Sources */ = {isa = PBXBuildFile; fileRef = 4659A58E223593CB0039C48F /* Question2.swift */; };
		4659A591223593E20039C48F /* Question3.swift in Sources */ = {isa = PBXBuildFile; fileRef = 4659A590223593E20039C48F /* Question3.swift */; };
		4659A593223593F70039C48F /* Question4.swift in Sources */ = {isa = PBXBuildFile; fileRef = 4659A592223593F70039C48F /* Question4.swift */; };
		4659A5952235940A0039C48F /* Question5.swift in Sources */ = {isa = PBXBuildFile; fileRef = 4659A5942235940A0039C48F /* Question5.swift */; };
/* End PBXBuildFile section */

/* Begin PBXFileReference section */
		4659A57322358BF40039C48F /* Exercise 10 Auto Layout.app */ = {isa = PBXFileReference; explicitFileType = wrapper.application; includeInIndex = 0; path = "Exercise 10 Auto Layout.app"; sourceTree = BUILT_PRODUCTS_DIR; };
		4659A57622358BF40039C48F /* AppDelegate.swift */ = {isa = PBXFileReference; lastKnownFileType = sourcecode.swift; path = AppDelegate.swift; sourceTree = "<group>"; };
		4659A57B22358BF40039C48F /* Base */ = {isa = PBXFileReference; lastKnownFileType = file.storyboard; name = Base; path = Base.lproj/Main.storyboard; sourceTree = "<group>"; };
		4659A57D22358BF60039C48F /* Assets.xcassets */ = {isa = PBXFileReference; lastKnownFileType = folder.assetcatalog; path = Assets.xcassets; sourceTree = "<group>"; };
		4659A58022358BF60039C48F /* Base */ = {isa = PBXFileReference; lastKnownFileType = file.storyboard; name = Base; path = Base.lproj/LaunchScreen.storyboard; sourceTree = "<group>"; };
		4659A58222358BF60039C48F /* Info.plist */ = {isa = PBXFileReference; lastKnownFileType = text.plist.xml; path = Info.plist; sourceTree = "<group>"; };
		4659A58822358F9C0039C48F /* Question1.swift */ = {isa = PBXFileReference; lastKnownFileType = sourcecode.swift; path = Question1.swift; sourceTree = "<group>"; };
		4659A58C223590F90039C48F /* Exercise10.swift */ = {isa = PBXFileReference; lastKnownFileType = sourcecode.swift; path = Exercise10.swift; sourceTree = "<group>"; };
		4659A58E223593CB0039C48F /* Question2.swift */ = {isa = PBXFileReference; lastKnownFileType = sourcecode.swift; path = Question2.swift; sourceTree = "<group>"; };
		4659A590223593E20039C48F /* Question3.swift */ = {isa = PBXFileReference; lastKnownFileType = sourcecode.swift; path = Question3.swift; sourceTree = "<group>"; };
		4659A592223593F70039C48F /* Question4.swift */ = {isa = PBXFileReference; lastKnownFileType = sourcecode.swift; path = Question4.swift; sourceTree = "<group>"; };
		4659A5942235940A0039C48F /* Question5.swift */ = {isa = PBXFileReference; lastKnownFileType = sourcecode.swift; path = Question5.swift; sourceTree = "<group>"; };
/* End PBXFileReference section */

/* Begin PBXFrameworksBuildPhase section */
		4659A57022358BF40039C48F /* Frameworks */ = {
			isa = PBXFrameworksBuildPhase;
			buildActionMask = 2147483647;
			files = (
			);
			runOnlyForDeploymentPostprocessing = 0;
		};
/* End PBXFrameworksBuildPhase section */

/* Begin PBXGroup section */
		4659A56A22358BF40039C48F = {
			isa = PBXGroup;
			children = (
				4659A57522358BF40039C48F /* Exercise 10 Auto Layout */,
				4659A57422358BF40039C48F /* Products */,
			);
			sourceTree = "<group>";
		};
		4659A57422358BF40039C48F /* Products */ = {
			isa = PBXGroup;
			children = (
				4659A57322358BF40039C48F /* Exercise 10 Auto Layout.app */,
			);
			name = Products;
			sourceTree = "<group>";
		};
		4659A57522358BF40039C48F /* Exercise 10 Auto Layout */ = {
			isa = PBXGroup;
			children = (
				4659A57622358BF40039C48F /* AppDelegate.swift */,
				4659A58C223590F90039C48F /* Exercise10.swift */,
				4659A58822358F9C0039C48F /* Question1.swift */,
				4659A58E223593CB0039C48F /* Question2.swift */,
				4659A590223593E20039C48F /* Question3.swift */,
				4659A592223593F70039C48F /* Question4.swift */,
				4659A5942235940A0039C48F /* Question5.swift */,
				4659A57A22358BF40039C48F /* Main.storyboard */,
				4659A57D22358BF60039C48F /* Assets.xcassets */,
				4659A57F22358BF60039C48F /* LaunchScreen.storyboard */,
				4659A58222358BF60039C48F /* Info.plist */,
			);
			path = "Exercise 10 Auto Layout";
			sourceTree = "<group>";
		};
/* End PBXGroup section */

/* Begin PBXNativeTarget section */
		4659A57222358BF40039C48F /* Exercise 10 Auto Layout */ = {
			isa = PBXNativeTarget;
			buildConfigurationList = 4659A58522358BF60039C48F /* Build configuration list for PBXNativeTarget "Exercise 10 Auto Layout" */;
			buildPhases = (
				4659A56F22358BF40039C48F /* Sources */,
				4659A57022358BF40039C48F /* Frameworks */,
				4659A57122358BF40039C48F /* Resources */,
			);
			buildRules = (
			);
			dependencies = (
			);
			name = "Exercise 10 Auto Layout";
			productName = "Exercise 10 Auto Layout";
			productReference = 4659A57322358BF40039C48F /* Exercise 10 Auto Layout.app */;
			productType = "com.apple.product-type.application";
		};
/* End PBXNativeTarget section */

/* Begin PBXProject section */
		4659A56B22358BF40039C48F /* Project object */ = {
			isa = PBXProject;
			attributes = {
				LastSwiftUpdateCheck = 1010;
				LastUpgradeCheck = 1010;
				ORGANIZATIONNAME = "Abhishek Maurya";
				TargetAttributes = {
					4659A57222358BF40039C48F = {
						CreatedOnToolsVersion = 10.1;
					};
				};
			};
			buildConfigurationList = 4659A56E22358BF40039C48F /* Build configuration list for PBXProject "Exercise 10 Auto Layout" */;
			compatibilityVersion = "Xcode 9.3";
			developmentRegion = en;
			hasScannedForEncodings = 0;
			knownRegions = (
				en,
				Base,
			);
			mainGroup = 4659A56A22358BF40039C48F;
			productRefGroup = 4659A57422358BF40039C48F /* Products */;
			projectDirPath = "";
			projectRoot = "";
			targets = (
				4659A57222358BF40039C48F /* Exercise 10 Auto Layout */,
			);
		};
/* End PBXProject section */

/* Begin PBXResourcesBuildPhase section */
		4659A57122358BF40039C48F /* Resources */ = {
			isa = PBXResourcesBuildPhase;
			buildActionMask = 2147483647;
			files = (
				4659A58122358BF60039C48F /* LaunchScreen.storyboard in Resources */,
				4659A57E22358BF60039C48F /* Assets.xcassets in Resources */,
				4659A57C22358BF40039C48F /* Main.storyboard in Resources */,
			);
			runOnlyForDeploymentPostprocessing = 0;
		};
/* End PBXResourcesBuildPhase section */

/* Begin PBXSourcesBuildPhase section */
		4659A56F22358BF40039C48F /* Sources */ = {
			isa = PBXSourcesBuildPhase;
			buildActionMask = 2147483647;
			files = (
				4659A58F223593CB0039C48F /* Question2.swift in Sources */,
				4659A57722358BF40039C48F /* AppDelegate.swift in Sources */,
				4659A593223593F70039C48F /* Question4.swift in Sources */,
				4659A591223593E20039C48F /* Question3.swift in Sources */,
				4659A58922358F9C0039C48F /* Question1.swift in Sources */,
				4659A58D223590F90039C48F /* Exercise10.swift in Sources */,
				4659A5952235940A0039C48F /* Question5.swift in Sources */,
			);
			runOnlyForDeploymentPostprocessing = 0;
		};
/* End PBXSourcesBuildPhase section */

/* Begin PBXVariantGroup section */
		4659A57A22358BF40039C48F /* Main.storyboard */ = {
			isa = PBXVariantGroup;
			children = (
				4659A57B22358BF40039C48F /* Base */,
			);
			name = Main.storyboard;
			sourceTree = "<group>";
		};
		4659A57F22358BF60039C48F /* LaunchScreen.storyboard */ = {
			isa = PBXVariantGroup;
			children = (
				4659A58022358BF60039C48F /* Base */,
			);
			name = LaunchScreen.storyboard;
			sourceTree = "<group>";
		};
/* End PBXVariantGroup section */

/* Begin XCBuildConfiguration section */
		4659A58322358BF60039C48F /* Debug */ = {
			isa = XCBuildConfiguration;
			buildSettings = {
				ALWAYS_SEARCH_USER_PATHS = NO;
				CLANG_ANALYZER_NONNULL = YES;
				CLANG_ANALYZER_NUMBER_OBJECT_CONVERSION = YES_AGGRESSIVE;
				CLANG_CXX_LANGUAGE_STANDARD = "gnu++14";
				CLANG_CXX_LIBRARY = "libc++";
				CLANG_ENABLE_MODULES = YES;
				CLANG_ENABLE_OBJC_ARC = YES;
				CLANG_ENABLE_OBJC_WEAK = YES;
				CLANG_WARN_BLOCK_CAPTURE_AUTORELEASING = YES;
				CLANG_WARN_BOOL_CONVERSION = YES;
				CLANG_WARN_COMMA = YES;
				CLANG_WARN_CONSTANT_CONVERSION = YES;
				CLANG_WARN_DEPRECATED_OBJC_IMPLEMENTATIONS = YES;
				CLANG_WARN_DIRECT_OBJC_ISA_USAGE = YES_ERROR;
				CLANG_WARN_DOCUMENTATION_COMMENTS = YES;
				CLANG_WARN_EMPTY_BODY = YES;
				CLANG_WARN_ENUM_CONVERSION = YES;
				CLANG_WARN_INFINITE_RECURSION = YES;
				CLANG_WARN_INT_CONVERSION = YES;
				CLANG_WARN_NON_LITERAL_NULL_CONVERSION = YES;
				CLANG_WARN_OBJC_IMPLICIT_RETAIN_SELF = YES;
				CLANG_WARN_OBJC_LITERAL_CONVERSION = YES;
				CLANG_WARN_OBJC_ROOT_CLASS = YES_ERROR;
				CLANG_WARN_RANGE_LOOP_ANALYSIS = YES;
				CLANG_WARN_STRICT_PROTOTYPES = YES;
				CLANG_WARN_SUSPICIOUS_MOVE = YES;
				CLANG_WARN_UNGUARDED_AVAILABILITY = YES_AGGRESSIVE;
				CLANG_WARN_UNREACHABLE_CODE = YES;
				CLANG_WARN__DUPLICATE_METHOD_MATCH = YES;
				CODE_SIGN_IDENTITY = "iPhone Developer";
				COPY_PHASE_STRIP = NO;
				DEBUG_INFORMATION_FORMAT = dwarf;
				ENABLE_STRICT_OBJC_MSGSEND = YES;
				ENABLE_TESTABILITY = YES;
				GCC_C_LANGUAGE_STANDARD = gnu11;
				GCC_DYNAMIC_NO_PIC = NO;
				GCC_NO_COMMON_BLOCKS = YES;
				GCC_OPTIMIZATION_LEVEL = 0;
				GCC_PREPROCESSOR_DEFINITIONS = (
					"DEBUG=1",
					"$(inherited)",
				);
				GCC_WARN_64_TO_32_BIT_CONVERSION = YES;
				GCC_WARN_ABOUT_RETURN_TYPE = YES_ERROR;
				GCC_WARN_UNDECLARED_SELECTOR = YES;
				GCC_WARN_UNINITIALIZED_AUTOS = YES_AGGRESSIVE;
				GCC_WARN_UNUSED_FUNCTION = YES;
				GCC_WARN_UNUSED_VARIABLE = YES;
				IPHONEOS_DEPLOYMENT_TARGET = 12.1;
				MTL_ENABLE_DEBUG_INFO = INCLUDE_SOURCE;
				MTL_FAST_MATH = YES;
				ONLY_ACTIVE_ARCH = YES;
				SDKROOT = iphoneos;
				SWIFT_ACTIVE_COMPILATION_CONDITIONS = DEBUG;
				SWIFT_OPTIMIZATION_LEVEL = "-Onone";
			};
			name = Debug;
		};
		4659A58422358BF60039C48F /* Release */ = {
			isa = XCBuildConfiguration;
			buildSettings = {
				ALWAYS_SEARCH_USER_PATHS = NO;
				CLANG_ANALYZER_NONNULL = YES;
				CLANG_ANALYZER_NUMBER_OBJECT_CONVERSION = YES_AGGRESSIVE;
				CLANG_CXX_LANGUAGE_STANDARD = "gnu++14";
				CLANG_CXX_LIBRARY = "libc++";
				CLANG_ENABLE_MODULES = YES;
				CLANG_ENABLE_OBJC_ARC = YES;
				CLANG_ENABLE_OBJC_WEAK = YES;
				CLANG_WARN_BLOCK_CAPTURE_AUTORELEASING = YES;
				CLANG_WARN_BOOL_CONVERSION = YES;
				CLANG_WARN_COMMA = YES;
				CLANG_WARN_CONSTANT_CONVERSION = YES;
				CLANG_WARN_DEPRECATED_OBJC_IMPLEMENTATIONS = YES;
				CLANG_WARN_DIRECT_OBJC_ISA_USAGE = YES_ERROR;
				CLANG_WARN_DOCUMENTATION_COMMENTS = YES;
				CLANG_WARN_EMPTY_BODY = YES;
				CLANG_WARN_ENUM_CONVERSION = YES;
				CLANG_WARN_INFINITE_RECURSION = YES;
				CLANG_WARN_INT_CONVERSION = YES;
				CLANG_WARN_NON_LITERAL_NULL_CONVERSION = YES;
				CLANG_WARN_OBJC_IMPLICIT_RETAIN_SELF = YES;
				CLANG_WARN_OBJC_LITERAL_CONVERSION = YES;
				CLANG_WARN_OBJC_ROOT_CLASS = YES_ERROR;
				CLANG_WARN_RANGE_LOOP_ANALYSIS = YES;
				CLANG_WARN_STRICT_PROTOTYPES = YES;
				CLANG_WARN_SUSPICIOUS_MOVE = YES;
				CLANG_WARN_UNGUARDED_AVAILABILITY = YES_AGGRESSIVE;
				CLANG_WARN_UNREACHABLE_CODE = YES;
				CLANG_WARN__DUPLICATE_METHOD_MATCH = YES;
				CODE_SIGN_IDENTITY = "iPhone Developer";
				COPY_PHASE_STRIP = NO;
				DEBUG_INFORMATION_FORMAT = "dwarf-with-dsym";
				ENABLE_NS_ASSERTIONS = NO;
				ENABLE_STRICT_OBJC_MSGSEND = YES;
				GCC_C_LANGUAGE_STANDARD = gnu11;
				GCC_NO_COMMON_BLOCKS = YES;
				GCC_WARN_64_TO_32_BIT_CONVERSION = YES;
				GCC_WARN_ABOUT_RETURN_TYPE = YES_ERROR;
				GCC_WARN_UNDECLARED_SELECTOR = YES;
				GCC_WARN_UNINITIALIZED_AUTOS = YES_AGGRESSIVE;
				GCC_WARN_UNUSED_FUNCTION = YES;
				GCC_WARN_UNUSED_VARIABLE = YES;
				IPHONEOS_DEPLOYMENT_TARGET = 12.1;
				MTL_ENABLE_DEBUG_INFO = NO;
				MTL_FAST_MATH = YES;
				SDKROOT = iphoneos;
				SWIFT_COMPILATION_MODE = wholemodule;
				SWIFT_OPTIMIZATION_LEVEL = "-O";
				VALIDATE_PRODUCT = YES;
			};
			name = Release;
		};
		4659A58622358BF60039C48F /* Debug */ = {
			isa = XCBuildConfiguration;
			buildSettings = {
				ASSETCATALOG_COMPILER_APPICON_NAME = AppIcon;
				CODE_SIGN_STYLE = Automatic;
				DEVELOPMENT_TEAM = HTJ79D8L5G;
				INFOPLIST_FILE = "Exercise 10 Auto Layout/Info.plist";
				LD_RUNPATH_SEARCH_PATHS = (
					"$(inherited)",
					"@executable_path/Frameworks",
				);
				PRODUCT_BUNDLE_IDENTIFIER = "com.abhishek.Exercise-10-Auto-Layout";
				PRODUCT_NAME = "$(TARGET_NAME)";
				SWIFT_VERSION = 4.2;
				TARGETED_DEVICE_FAMILY = "1,2";
			};
			name = Debug;
		};
		4659A58722358BF60039C48F /* Release */ = {
			isa = XCBuildConfiguration;
			buildSettings = {
				ASSETCATALOG_COMPILER_APPICON_NAME = AppIcon;
				CODE_SIGN_STYLE = Automatic;
				DEVELOPMENT_TEAM = HTJ79D8L5G;
				INFOPLIST_FILE = "Exercise 10 Auto Layout/Info.plist";
				LD_RUNPATH_SEARCH_PATHS = (
					"$(inherited)",
					"@executable_path/Frameworks",
				);
				PRODUCT_BUNDLE_IDENTIFIER = "com.abhishek.Exercise-10-Auto-Layout";
				PRODUCT_NAME = "$(TARGET_NAME)";
				SWIFT_VERSION = 4.2;
				TARGETED_DEVICE_FAMILY = "1,2";
			};
			name = Release;
		};
/* End XCBuildConfiguration section */

/* Begin XCConfigurationList section */
		4659A56E22358BF40039C48F /* Build configuration list for PBXProject "Exercise 10 Auto Layout" */ = {
			isa = XCConfigurationList;
			buildConfigurations = (
				4659A58322358BF60039C48F /* Debug */,
				4659A58422358BF60039C48F /* Release */,
			);
			defaultConfigurationIsVisible = 0;
			defaultConfigurationName = Release;
		};
		4659A58522358BF60039C48F /* Build configuration list for PBXNativeTarget "Exercise 10 Auto Layout" */ = {
			isa = XCConfigurationList;
			buildConfigurations = (
				4659A58622358BF60039C48F /* Debug */,
				4659A58722358BF60039C48F /* Release */,
			);
			defaultConfigurationIsVisible = 0;
			defaultConfigurationName = Release;
		};
/* End XCConfigurationList section */
	};
	rootObject = 4659A56B22358BF40039C48F /* Project object */;
}
