// !$*UTF8*$!
{
	archiveVersion = 1;
	classes = {
	};
	objectVersion = 50;
	objects = {

/* Begin PBXBuildFile section */
		463DA3572255DF2100E28FC6 /* AddRecipeController.swift in Sources */ = {isa = PBXBuildFile; fileRef = 463DA3562255DF2100E28FC6 /* AddRecipeController.swift */; };
		466E4CC72254D612003D66FF /* FavouritesController.swift in Sources */ = {isa = PBXBuildFile; fileRef = 466E4CC62254D612003D66FF /* FavouritesController.swift */; };
		466E4CCA2254DB73003D66FF /* LoginController.swift in Sources */ = {isa = PBXBuildFile; fileRef = 466E4CC92254DB73003D66FF /* LoginController.swift */; };
		46AB9BC022537F5300A81273 /* AppDelegate.swift in Sources */ = {isa = PBXBuildFile; fileRef = 46AB9BBF22537F5300A81273 /* AppDelegate.swift */; };
		46AB9BC222537F5300A81273 /* Exercise23.swift in Sources */ = {isa = PBXBuildFile; fileRef = 46AB9BC122537F5300A81273 /* Exercise23.swift */; };
		46AB9BC522537F5300A81273 /* Main.storyboard in Resources */ = {isa = PBXBuildFile; fileRef = 46AB9BC322537F5300A81273 /* Main.storyboard */; };
		46AB9BC822537F5300A81273 /* Exercise_23_Data_Persistance.xcdatamodeld in Sources */ = {isa = PBXBuildFile; fileRef = 46AB9BC622537F5300A81273 /* Exercise_23_Data_Persistance.xcdatamodeld */; };
		46AB9BCA22537F5400A81273 /* Assets.xcassets in Resources */ = {isa = PBXBuildFile; fileRef = 46AB9BC922537F5400A81273 /* Assets.xcassets */; };
		46AB9BCD22537F5400A81273 /* LaunchScreen.storyboard in Resources */ = {isa = PBXBuildFile; fileRef = 46AB9BCB22537F5400A81273 /* LaunchScreen.storyboard */; };
		46E2008922574F8900001D5F /* RecipesController.swift in Sources */ = {isa = PBXBuildFile; fileRef = 46E2008822574F8900001D5F /* RecipesController.swift */; };
		46F8A96522574E670061DFB4 /* RecipeCell.swift in Sources */ = {isa = PBXBuildFile; fileRef = 46F8A96322574E670061DFB4 /* RecipeCell.swift */; };
		46F8A96622574E670061DFB4 /* RecipeCell.xib in Resources */ = {isa = PBXBuildFile; fileRef = 46F8A96422574E670061DFB4 /* RecipeCell.xib */; };
/* End PBXBuildFile section */

/* Begin PBXFileReference section */
		463DA3562255DF2100E28FC6 /* AddRecipeController.swift */ = {isa = PBXFileReference; lastKnownFileType = sourcecode.swift; path = AddRecipeController.swift; sourceTree = "<group>"; };
		466E4CC62254D612003D66FF /* FavouritesController.swift */ = {isa = PBXFileReference; lastKnownFileType = sourcecode.swift; path = FavouritesController.swift; sourceTree = "<group>"; };
		466E4CC92254DB73003D66FF /* LoginController.swift */ = {isa = PBXFileReference; lastKnownFileType = sourcecode.swift; path = LoginController.swift; sourceTree = "<group>"; };
		46AB9BBC22537F5300A81273 /* Exercise 23 Data Persistance.app */ = {isa = PBXFileReference; explicitFileType = wrapper.application; includeInIndex = 0; path = "Exercise 23 Data Persistance.app"; sourceTree = BUILT_PRODUCTS_DIR; };
		46AB9BBF22537F5300A81273 /* AppDelegate.swift */ = {isa = PBXFileReference; lastKnownFileType = sourcecode.swift; path = AppDelegate.swift; sourceTree = "<group>"; };
		46AB9BC122537F5300A81273 /* Exercise23.swift */ = {isa = PBXFileReference; lastKnownFileType = sourcecode.swift; path = Exercise23.swift; sourceTree = "<group>"; };
		46AB9BC422537F5300A81273 /* Base */ = {isa = PBXFileReference; lastKnownFileType = file.storyboard; name = Base; path = Base.lproj/Main.storyboard; sourceTree = "<group>"; };
		46AB9BC722537F5300A81273 /* Exercise_23_Data_Persistance.xcdatamodel */ = {isa = PBXFileReference; lastKnownFileType = wrapper.xcdatamodel; path = Exercise_23_Data_Persistance.xcdatamodel; sourceTree = "<group>"; };
		46AB9BC922537F5400A81273 /* Assets.xcassets */ = {isa = PBXFileReference; lastKnownFileType = folder.assetcatalog; path = Assets.xcassets; sourceTree = "<group>"; };
		46AB9BCC22537F5400A81273 /* Base */ = {isa = PBXFileReference; lastKnownFileType = file.storyboard; name = Base; path = Base.lproj/LaunchScreen.storyboard; sourceTree = "<group>"; };
		46AB9BCE22537F5400A81273 /* Info.plist */ = {isa = PBXFileReference; lastKnownFileType = text.plist.xml; path = Info.plist; sourceTree = "<group>"; };
		46E2008822574F8900001D5F /* RecipesController.swift */ = {isa = PBXFileReference; lastKnownFileType = sourcecode.swift; path = RecipesController.swift; sourceTree = "<group>"; };
		46F8A96322574E670061DFB4 /* RecipeCell.swift */ = {isa = PBXFileReference; lastKnownFileType = sourcecode.swift; path = RecipeCell.swift; sourceTree = "<group>"; };
		46F8A96422574E670061DFB4 /* RecipeCell.xib */ = {isa = PBXFileReference; lastKnownFileType = file.xib; path = RecipeCell.xib; sourceTree = "<group>"; };
/* End PBXFileReference section */

/* Begin PBXFrameworksBuildPhase section */
		46AB9BB922537F5300A81273 /* Frameworks */ = {
			isa = PBXFrameworksBuildPhase;
			buildActionMask = 2147483647;
			files = (
			);
			runOnlyForDeploymentPostprocessing = 0;
		};
/* End PBXFrameworksBuildPhase section */

/* Begin PBXGroup section */
		466E4CC22254D581003D66FF /* Storyboard */ = {
			isa = PBXGroup;
			children = (
				46AB9BCB22537F5400A81273 /* LaunchScreen.storyboard */,
				46AB9BC322537F5300A81273 /* Main.storyboard */,
			);
			path = Storyboard;
			sourceTree = "<group>";
		};
		466E4CC32254D595003D66FF /* Controllers */ = {
			isa = PBXGroup;
			children = (
				46AB9BBF22537F5300A81273 /* AppDelegate.swift */,
				466E4CC92254DB73003D66FF /* LoginController.swift */,
				46AB9BC122537F5300A81273 /* Exercise23.swift */,
				46E2008822574F8900001D5F /* RecipesController.swift */,
				466E4CC62254D612003D66FF /* FavouritesController.swift */,
				463DA3562255DF2100E28FC6 /* AddRecipeController.swift */,
				46F8A96322574E670061DFB4 /* RecipeCell.swift */,
				46F8A96422574E670061DFB4 /* RecipeCell.xib */,
			);
			path = Controllers;
			sourceTree = "<group>";
		};
		466E4CC82254DB0A003D66FF /* Modal */ = {
			isa = PBXGroup;
			children = (
				46AB9BC622537F5300A81273 /* Exercise_23_Data_Persistance.xcdatamodeld */,
			);
			path = Modal;
			sourceTree = "<group>";
		};
		46AB9BB322537F5300A81273 = {
			isa = PBXGroup;
			children = (
				466E4CC32254D595003D66FF /* Controllers */,
				466E4CC22254D581003D66FF /* Storyboard */,
				466E4CC82254DB0A003D66FF /* Modal */,
				46AB9BBE22537F5300A81273 /* Exercise 23 Data Persistance */,
				46AB9BBD22537F5300A81273 /* Products */,
			);
			sourceTree = "<group>";
		};
		46AB9BBD22537F5300A81273 /* Products */ = {
			isa = PBXGroup;
			children = (
				46AB9BBC22537F5300A81273 /* Exercise 23 Data Persistance.app */,
			);
			name = Products;
			sourceTree = "<group>";
		};
		46AB9BBE22537F5300A81273 /* Exercise 23 Data Persistance */ = {
			isa = PBXGroup;
			children = (
				46AB9BCE22537F5400A81273 /* Info.plist */,
				46AB9BC922537F5400A81273 /* Assets.xcassets */,
			);
			path = "Exercise 23 Data Persistance";
			sourceTree = "<group>";
		};
/* End PBXGroup section */

/* Begin PBXNativeTarget section */
		46AB9BBB22537F5300A81273 /* Exercise 23 Data Persistance */ = {
			isa = PBXNativeTarget;
			buildConfigurationList = 46AB9BD122537F5400A81273 /* Build configuration list for PBXNativeTarget "Exercise 23 Data Persistance" */;
			buildPhases = (
				46AB9BB822537F5300A81273 /* Sources */,
				46AB9BB922537F5300A81273 /* Frameworks */,
				46AB9BBA22537F5300A81273 /* Resources */,
			);
			buildRules = (
			);
			dependencies = (
			);
			name = "Exercise 23 Data Persistance";
			productName = "Exercise 23 Data Persistance";
			productReference = 46AB9BBC22537F5300A81273 /* Exercise 23 Data Persistance.app */;
			productType = "com.apple.product-type.application";
		};
/* End PBXNativeTarget section */

/* Begin PBXProject section */
		46AB9BB422537F5300A81273 /* Project object */ = {
			isa = PBXProject;
			attributes = {
				LastSwiftUpdateCheck = 1020;
				LastUpgradeCheck = 1020;
				ORGANIZATIONNAME = "Abhishek Maurya";
				TargetAttributes = {
					46AB9BBB22537F5300A81273 = {
						CreatedOnToolsVersion = 10.2;
					};
				};
			};
			buildConfigurationList = 46AB9BB722537F5300A81273 /* Build configuration list for PBXProject "Exercise 23 Data Persistance" */;
			compatibilityVersion = "Xcode 9.3";
			developmentRegion = en;
			hasScannedForEncodings = 0;
			knownRegions = (
				en,
				Base,
			);
			mainGroup = 46AB9BB322537F5300A81273;
			productRefGroup = 46AB9BBD22537F5300A81273 /* Products */;
			projectDirPath = "";
			projectRoot = "";
			targets = (
				46AB9BBB22537F5300A81273 /* Exercise 23 Data Persistance */,
			);
		};
/* End PBXProject section */

/* Begin PBXResourcesBuildPhase section */
		46AB9BBA22537F5300A81273 /* Resources */ = {
			isa = PBXResourcesBuildPhase;
			buildActionMask = 2147483647;
			files = (
				46AB9BCD22537F5400A81273 /* LaunchScreen.storyboard in Resources */,
				46AB9BCA22537F5400A81273 /* Assets.xcassets in Resources */,
				46AB9BC522537F5300A81273 /* Main.storyboard in Resources */,
				46F8A96622574E670061DFB4 /* RecipeCell.xib in Resources */,
			);
			runOnlyForDeploymentPostprocessing = 0;
		};
/* End PBXResourcesBuildPhase section */

/* Begin PBXSourcesBuildPhase section */
		46AB9BB822537F5300A81273 /* Sources */ = {
			isa = PBXSourcesBuildPhase;
			buildActionMask = 2147483647;
			files = (
				466E4CC72254D612003D66FF /* FavouritesController.swift in Sources */,
				46E2008922574F8900001D5F /* RecipesController.swift in Sources */,
				463DA3572255DF2100E28FC6 /* AddRecipeController.swift in Sources */,
				466E4CCA2254DB73003D66FF /* LoginController.swift in Sources */,
				46F8A96522574E670061DFB4 /* RecipeCell.swift in Sources */,
				46AB9BC222537F5300A81273 /* Exercise23.swift in Sources */,
				46AB9BC022537F5300A81273 /* AppDelegate.swift in Sources */,
				46AB9BC822537F5300A81273 /* Exercise_23_Data_Persistance.xcdatamodeld in Sources */,
			);
			runOnlyForDeploymentPostprocessing = 0;
		};
/* End PBXSourcesBuildPhase section */

/* Begin PBXVariantGroup section */
		46AB9BC322537F5300A81273 /* Main.storyboard */ = {
			isa = PBXVariantGroup;
			children = (
				46AB9BC422537F5300A81273 /* Base */,
			);
			name = Main.storyboard;
			sourceTree = "<group>";
		};
		46AB9BCB22537F5400A81273 /* LaunchScreen.storyboard */ = {
			isa = PBXVariantGroup;
			children = (
				46AB9BCC22537F5400A81273 /* Base */,
			);
			name = LaunchScreen.storyboard;
			sourceTree = "<group>";
		};
/* End PBXVariantGroup section */

/* Begin XCBuildConfiguration section */
		46AB9BCF22537F5400A81273 /* Debug */ = {
			isa = XCBuildConfiguration;
			buildSettings = {
				ALWAYS_SEARCH_USER_PATHS = NO;
				CLANG_ANALYZER_NONNULL = YES;
				CLANG_ANALYZER_NUMBER_OBJECT_CONVERSION = YES_AGGRESSIVE;
				CLANG_CXX_LANGUAGE_STANDARD = "gnu++14";
				CLANG_CXX_LIBRARY = "libc++";
				CLANG_ENABLE_MODULES = YES;
				CLANG_ENABLE_OBJC_ARC = YES;
				CLANG_ENABLE_OBJC_WEAK = YES;
				CLANG_WARN_BLOCK_CAPTURE_AUTORELEASING = YES;
				CLANG_WARN_BOOL_CONVERSION = YES;
				CLANG_WARN_COMMA = YES;
				CLANG_WARN_CONSTANT_CONVERSION = YES;
				CLANG_WARN_DEPRECATED_OBJC_IMPLEMENTATIONS = YES;
				CLANG_WARN_DIRECT_OBJC_ISA_USAGE = YES_ERROR;
				CLANG_WARN_DOCUMENTATION_COMMENTS = YES;
				CLANG_WARN_EMPTY_BODY = YES;
				CLANG_WARN_ENUM_CONVERSION = YES;
				CLANG_WARN_INFINITE_RECURSION = YES;
				CLANG_WARN_INT_CONVERSION = YES;
				CLANG_WARN_NON_LITERAL_NULL_CONVERSION = YES;
				CLANG_WARN_OBJC_IMPLICIT_RETAIN_SELF = YES;
				CLANG_WARN_OBJC_LITERAL_CONVERSION = YES;
				CLANG_WARN_OBJC_ROOT_CLASS = YES_ERROR;
				CLANG_WARN_RANGE_LOOP_ANALYSIS = YES;
				CLANG_WARN_STRICT_PROTOTYPES = YES;
				CLANG_WARN_SUSPICIOUS_MOVE = YES;
				CLANG_WARN_UNGUARDED_AVAILABILITY = YES_AGGRESSIVE;
				CLANG_WARN_UNREACHABLE_CODE = YES;
				CLANG_WARN__DUPLICATE_METHOD_MATCH = YES;
				CODE_SIGN_IDENTITY = "iPhone Developer";
				COPY_PHASE_STRIP = NO;
				DEBUG_INFORMATION_FORMAT = dwarf;
				ENABLE_STRICT_OBJC_MSGSEND = YES;
				ENABLE_TESTABILITY = YES;
				GCC_C_LANGUAGE_STANDARD = gnu11;
				GCC_DYNAMIC_NO_PIC = NO;
				GCC_NO_COMMON_BLOCKS = YES;
				GCC_OPTIMIZATION_LEVEL = 0;
				GCC_PREPROCESSOR_DEFINITIONS = (
					"DEBUG=1",
					"$(inherited)",
				);
				GCC_WARN_64_TO_32_BIT_CONVERSION = YES;
				GCC_WARN_ABOUT_RETURN_TYPE = YES_ERROR;
				GCC_WARN_UNDECLARED_SELECTOR = YES;
				GCC_WARN_UNINITIALIZED_AUTOS = YES_AGGRESSIVE;
				GCC_WARN_UNUSED_FUNCTION = YES;
				GCC_WARN_UNUSED_VARIABLE = YES;
				IPHONEOS_DEPLOYMENT_TARGET = 12.2;
				MTL_ENABLE_DEBUG_INFO = INCLUDE_SOURCE;
				MTL_FAST_MATH = YES;
				ONLY_ACTIVE_ARCH = YES;
				SDKROOT = iphoneos;
				SWIFT_ACTIVE_COMPILATION_CONDITIONS = DEBUG;
				SWIFT_OPTIMIZATION_LEVEL = "-Onone";
			};
			name = Debug;
		};
		46AB9BD022537F5400A81273 /* Release */ = {
			isa = XCBuildConfiguration;
			buildSettings = {
				ALWAYS_SEARCH_USER_PATHS = NO;
				CLANG_ANALYZER_NONNULL = YES;
				CLANG_ANALYZER_NUMBER_OBJECT_CONVERSION = YES_AGGRESSIVE;
				CLANG_CXX_LANGUAGE_STANDARD = "gnu++14";
				CLANG_CXX_LIBRARY = "libc++";
				CLANG_ENABLE_MODULES = YES;
				CLANG_ENABLE_OBJC_ARC = YES;
				CLANG_ENABLE_OBJC_WEAK = YES;
				CLANG_WARN_BLOCK_CAPTURE_AUTORELEASING = YES;
				CLANG_WARN_BOOL_CONVERSION = YES;
				CLANG_WARN_COMMA = YES;
				CLANG_WARN_CONSTANT_CONVERSION = YES;
				CLANG_WARN_DEPRECATED_OBJC_IMPLEMENTATIONS = YES;
				CLANG_WARN_DIRECT_OBJC_ISA_USAGE = YES_ERROR;
				CLANG_WARN_DOCUMENTATION_COMMENTS = YES;
				CLANG_WARN_EMPTY_BODY = YES;
				CLANG_WARN_ENUM_CONVERSION = YES;
				CLANG_WARN_INFINITE_RECURSION = YES;
				CLANG_WARN_INT_CONVERSION = YES;
				CLANG_WARN_NON_LITERAL_NULL_CONVERSION = YES;
				CLANG_WARN_OBJC_IMPLICIT_RETAIN_SELF = YES;
				CLANG_WARN_OBJC_LITERAL_CONVERSION = YES;
				CLANG_WARN_OBJC_ROOT_CLASS = YES_ERROR;
				CLANG_WARN_RANGE_LOOP_ANALYSIS = YES;
				CLANG_WARN_STRICT_PROTOTYPES = YES;
				CLANG_WARN_SUSPICIOUS_MOVE = YES;
				CLANG_WARN_UNGUARDED_AVAILABILITY = YES_AGGRESSIVE;
				CLANG_WARN_UNREACHABLE_CODE = YES;
				CLANG_WARN__DUPLICATE_METHOD_MATCH = YES;
				CODE_SIGN_IDENTITY = "iPhone Developer";
				COPY_PHASE_STRIP = NO;
				DEBUG_INFORMATION_FORMAT = "dwarf-with-dsym";
				ENABLE_NS_ASSERTIONS = NO;
				ENABLE_STRICT_OBJC_MSGSEND = YES;
				GCC_C_LANGUAGE_STANDARD = gnu11;
				GCC_NO_COMMON_BLOCKS = YES;
				GCC_WARN_64_TO_32_BIT_CONVERSION = YES;
				GCC_WARN_ABOUT_RETURN_TYPE = YES_ERROR;
				GCC_WARN_UNDECLARED_SELECTOR = YES;
				GCC_WARN_UNINITIALIZED_AUTOS = YES_AGGRESSIVE;
				GCC_WARN_UNUSED_FUNCTION = YES;
				GCC_WARN_UNUSED_VARIABLE = YES;
				IPHONEOS_DEPLOYMENT_TARGET = 12.2;
				MTL_ENABLE_DEBUG_INFO = NO;
				MTL_FAST_MATH = YES;
				SDKROOT = iphoneos;
				SWIFT_COMPILATION_MODE = wholemodule;
				SWIFT_OPTIMIZATION_LEVEL = "-O";
				VALIDATE_PRODUCT = YES;
			};
			name = Release;
		};
		46AB9BD222537F5400A81273 /* Debug */ = {
			isa = XCBuildConfiguration;
			buildSettings = {
				ASSETCATALOG_COMPILER_APPICON_NAME = AppIcon;
				CODE_SIGN_STYLE = Automatic;
				DEVELOPMENT_TEAM = HTJ79D8L5G;
				INFOPLIST_FILE = "Exercise 23 Data Persistance/Info.plist";
				LD_RUNPATH_SEARCH_PATHS = (
					"$(inherited)",
					"@executable_path/Frameworks",
				);
				PRODUCT_BUNDLE_IDENTIFIER = "com.abhishek.Exercise-23-Data-Persistance";
				PRODUCT_NAME = "$(TARGET_NAME)";
				SWIFT_VERSION = 5.0;
				TARGETED_DEVICE_FAMILY = "1,2";
			};
			name = Debug;
		};
		46AB9BD322537F5400A81273 /* Release */ = {
			isa = XCBuildConfiguration;
			buildSettings = {
				ASSETCATALOG_COMPILER_APPICON_NAME = AppIcon;
				CODE_SIGN_STYLE = Automatic;
				DEVELOPMENT_TEAM = HTJ79D8L5G;
				INFOPLIST_FILE = "Exercise 23 Data Persistance/Info.plist";
				LD_RUNPATH_SEARCH_PATHS = (
					"$(inherited)",
					"@executable_path/Frameworks",
				);
				PRODUCT_BUNDLE_IDENTIFIER = "com.abhishek.Exercise-23-Data-Persistance";
				PRODUCT_NAME = "$(TARGET_NAME)";
				SWIFT_VERSION = 5.0;
				TARGETED_DEVICE_FAMILY = "1,2";
			};
			name = Release;
		};
/* End XCBuildConfiguration section */

/* Begin XCConfigurationList section */
		46AB9BB722537F5300A81273 /* Build configuration list for PBXProject "Exercise 23 Data Persistance" */ = {
			isa = XCConfigurationList;
			buildConfigurations = (
				46AB9BCF22537F5400A81273 /* Debug */,
				46AB9BD022537F5400A81273 /* Release */,
			);
			defaultConfigurationIsVisible = 0;
			defaultConfigurationName = Release;
		};
		46AB9BD122537F5400A81273 /* Build configuration list for PBXNativeTarget "Exercise 23 Data Persistance" */ = {
			isa = XCConfigurationList;
			buildConfigurations = (
				46AB9BD222537F5400A81273 /* Debug */,
				46AB9BD322537F5400A81273 /* Release */,
			);
			defaultConfigurationIsVisible = 0;
			defaultConfigurationName = Release;
		};
/* End XCConfigurationList section */

/* Begin XCVersionGroup section */
		46AB9BC622537F5300A81273 /* Exercise_23_Data_Persistance.xcdatamodeld */ = {
			isa = XCVersionGroup;
			children = (
				46AB9BC722537F5300A81273 /* Exercise_23_Data_Persistance.xcdatamodel */,
			);
			currentVersion = 46AB9BC722537F5300A81273 /* Exercise_23_Data_Persistance.xcdatamodel */;
			path = Exercise_23_Data_Persistance.xcdatamodeld;
			sourceTree = "<group>";
			versionGroupType = wrapper.xcdatamodel;
		};
/* End XCVersionGroup section */
	};
	rootObject = 46AB9BB422537F5300A81273 /* Project object */;
}
